
Microsoft Visual Studio Solution File, Format Version 12.00
# Visual Studio Version 17
VisualStudioVersion = 17.3.32825.248
MinimumVisualStudioVersion = 10.0.40219.1
Project("{FAE04EC0-301F-11D3-BF4B-00C04F79EFBC}") = "21-09-22_Arrays", "21-09-22_Arrays\21-09-22_Arrays.csproj", "{B8446748-861F-42A9-9613-A8F296964406}"
EndProject
Global
	GlobalSection(SolutionConfigurationPlatforms) = preSolution
		Debug|Any CPU = Debug|Any CPU
		Release|Any CPU = Release|Any CPU
	EndGlobalSection
	GlobalSection(ProjectConfigurationPlatforms) = postSolution
		{B8446748-861F-42A9-9613-A8F296964406}.Debug|Any CPU.ActiveCfg = Debug|Any CPU
		{B8446748-861F-42A9-9613-A8F296964406}.Debug|Any CPU.Build.0 = Debug|Any CPU
		{B8446748-861F-42A9-9613-A8F296964406}.Release|Any CPU.ActiveCfg = Release|Any CPU
		{B8446748-861F-42A9-9613-A8F296964406}.Release|Any CPU.Build.0 = Release|Any CPU
	EndGlobalSection
	GlobalSection(SolutionProperties) = preSolution
		HideSolutionNode = FALSE
	EndGlobalSection
	GlobalSection(ExtensibilityGlobals) = postSolution
		SolutionGuid = {51E30182-9092-400A-B1EA-017BF4329917}
	EndGlobalSection
EndGlobal
