
Microsoft Visual Studio Solution File, Format Version 12.00
# Visual Studio Version 17
VisualStudioVersion = 17.3.32825.248
MinimumVisualStudioVersion = 10.0.40219.1
Project("{FAE04EC0-301F-11D3-BF4B-00C04F79EFBC}") = "Inheritance", "Inheritance\Inheritance.csproj", "{005C4BB0-E3EB-4348-AF89-F9FB12A45648}"
EndProject
Global
	GlobalSection(SolutionConfigurationPlatforms) = preSolution
		Debug|Any CPU = Debug|Any CPU
		Release|Any CPU = Release|Any CPU
	EndGlobalSection
	GlobalSection(ProjectConfigurationPlatforms) = postSolution
		{005C4BB0-E3EB-4348-AF89-F9FB12A45648}.Debug|Any CPU.ActiveCfg = Debug|Any CPU
		{005C4BB0-E3EB-4348-AF89-F9FB12A45648}.Debug|Any CPU.Build.0 = Debug|Any CPU
		{005C4BB0-E3EB-4348-AF89-F9FB12A45648}.Release|Any CPU.ActiveCfg = Release|Any CPU
		{005C4BB0-E3EB-4348-AF89-F9FB12A45648}.Release|Any CPU.Build.0 = Release|Any CPU
	EndGlobalSection
	GlobalSection(SolutionProperties) = preSolution
		HideSolutionNode = FALSE
	EndGlobalSection
	GlobalSection(ExtensibilityGlobals) = postSolution
		SolutionGuid = {5A3818B6-EF53-4DF6-989F-A8239D4737AD}
	EndGlobalSection
EndGlobal
