
Microsoft Visual Studio Solution File, Format Version 12.00
# Visual Studio Version 17
VisualStudioVersion = 17.3.32825.248
MinimumVisualStudioVersion = 10.0.40219.1
Project("{FAE04EC0-301F-11D3-BF4B-00C04F79EFBC}") = "CSharp_Son_Temeller", "CSharp_Son_Temeller\CSharp_Son_Temeller.csproj", "{F71F6925-908A-4B2E-841E-1E08DF8BC8F3}"
EndProject
Global
	GlobalSection(SolutionConfigurationPlatforms) = preSolution
		Debug|Any CPU = Debug|Any CPU
		Release|Any CPU = Release|Any CPU
	EndGlobalSection
	GlobalSection(ProjectConfigurationPlatforms) = postSolution
		{F71F6925-908A-4B2E-841E-1E08DF8BC8F3}.Debug|Any CPU.ActiveCfg = Debug|Any CPU
		{F71F6925-908A-4B2E-841E-1E08DF8BC8F3}.Debug|Any CPU.Build.0 = Debug|Any CPU
		{F71F6925-908A-4B2E-841E-1E08DF8BC8F3}.Release|Any CPU.ActiveCfg = Release|Any CPU
		{F71F6925-908A-4B2E-841E-1E08DF8BC8F3}.Release|Any CPU.Build.0 = Release|Any CPU
	EndGlobalSection
	GlobalSection(SolutionProperties) = preSolution
		HideSolutionNode = FALSE
	EndGlobalSection
	GlobalSection(ExtensibilityGlobals) = postSolution
		SolutionGuid = {7A14DF51-5562-4518-B2FE-86DAD750C80B}
	EndGlobalSection
EndGlobal
