
Microsoft Visual Studio Solution File, Format Version 12.00
# Visual Studio Version 17
VisualStudioVersion = 17.3.32825.248
MinimumVisualStudioVersion = 10.0.40219.1
Project("{FAE04EC0-301F-11D3-BF4B-00C04F79EFBC}") = "22-09-22__Examples", "22-09-22__Examples\22-09-22__Examples.csproj", "{3D810A41-C42F-4B90-9CCB-A8E56AB0872F}"
EndProject
Global
	GlobalSection(SolutionConfigurationPlatforms) = preSolution
		Debug|Any CPU = Debug|Any CPU
		Release|Any CPU = Release|Any CPU
	EndGlobalSection
	GlobalSection(ProjectConfigurationPlatforms) = postSolution
		{3D810A41-C42F-4B90-9CCB-A8E56AB0872F}.Debug|Any CPU.ActiveCfg = Debug|Any CPU
		{3D810A41-C42F-4B90-9CCB-A8E56AB0872F}.Debug|Any CPU.Build.0 = Debug|Any CPU
		{3D810A41-C42F-4B90-9CCB-A8E56AB0872F}.Release|Any CPU.ActiveCfg = Release|Any CPU
		{3D810A41-C42F-4B90-9CCB-A8E56AB0872F}.Release|Any CPU.Build.0 = Release|Any CPU
	EndGlobalSection
	GlobalSection(SolutionProperties) = preSolution
		HideSolutionNode = FALSE
	EndGlobalSection
	GlobalSection(ExtensibilityGlobals) = postSolution
		SolutionGuid = {AA8BA31E-C304-42ED-B05D-64C264618DE0}
	EndGlobalSection
EndGlobal
