
Microsoft Visual Studio Solution File, Format Version 12.00
# Visual Studio Version 17
VisualStudioVersion = 17.3.32825.248
MinimumVisualStudioVersion = 10.0.40219.1
Project("{FAE04EC0-301F-11D3-BF4B-00C04F79EFBC}") = "Object_Oriented_Class_Kavrami", "Object_Oriented_Class_Kavrami\Object_Oriented_Class_Kavrami.csproj", "{787ED93F-5C75-407D-AFF5-171FA0C950D1}"
EndProject
Global
	GlobalSection(SolutionConfigurationPlatforms) = preSolution
		Debug|Any CPU = Debug|Any CPU
		Release|Any CPU = Release|Any CPU
	EndGlobalSection
	GlobalSection(ProjectConfigurationPlatforms) = postSolution
		{787ED93F-5C75-407D-AFF5-171FA0C950D1}.Debug|Any CPU.ActiveCfg = Debug|Any CPU
		{787ED93F-5C75-407D-AFF5-171FA0C950D1}.Debug|Any CPU.Build.0 = Debug|Any CPU
		{787ED93F-5C75-407D-AFF5-171FA0C950D1}.Release|Any CPU.ActiveCfg = Release|Any CPU
		{787ED93F-5C75-407D-AFF5-171FA0C950D1}.Release|Any CPU.Build.0 = Release|Any CPU
	EndGlobalSection
	GlobalSection(SolutionProperties) = preSolution
		HideSolutionNode = FALSE
	EndGlobalSection
	GlobalSection(ExtensibilityGlobals) = postSolution
		SolutionGuid = {B9AAE18E-0A0F-4D28-A915-F36231C66553}
	EndGlobalSection
EndGlobal
