
Microsoft Visual Studio Solution File, Format Version 12.00
# Visual Studio Version 17
VisualStudioVersion = 17.3.32825.248
MinimumVisualStudioVersion = 10.0.40219.1
Project("{FAE04EC0-301F-11D3-BF4B-00C04F79EFBC}") = "16-09-22_Karar_Yapilari", "16-09-22_Karar_Yapilari\16-09-22_Karar_Yapilari.csproj", "{2C030F7C-E9DA-495C-8437-FDADE958A13E}"
EndProject
Global
	GlobalSection(SolutionConfigurationPlatforms) = preSolution
		Debug|Any CPU = Debug|Any CPU
		Release|Any CPU = Release|Any CPU
	EndGlobalSection
	GlobalSection(ProjectConfigurationPlatforms) = postSolution
		{2C030F7C-E9DA-495C-8437-FDADE958A13E}.Debug|Any CPU.ActiveCfg = Debug|Any CPU
		{2C030F7C-E9DA-495C-8437-FDADE958A13E}.Debug|Any CPU.Build.0 = Debug|Any CPU
		{2C030F7C-E9DA-495C-8437-FDADE958A13E}.Release|Any CPU.ActiveCfg = Release|Any CPU
		{2C030F7C-E9DA-495C-8437-FDADE958A13E}.Release|Any CPU.Build.0 = Release|Any CPU
	EndGlobalSection
	GlobalSection(SolutionProperties) = preSolution
		HideSolutionNode = FALSE
	EndGlobalSection
	GlobalSection(ExtensibilityGlobals) = postSolution
		SolutionGuid = {DB7867B6-0BBE-4328-A5A8-34A4D4FD5F39}
	EndGlobalSection
EndGlobal
